# generated by rye
# use `rye lock` or `rye sync` to update this lockfile
#
# last locked with the following flags:
#   pre: false
#   features: []
#   all-features: false
#   with-sources: false
#   generate-hashes: false

aiofiles==24.1.0
aiohappyeyeballs==2.4.3
    # via aiohttp
aiohttp==3.10.8
    # via discord-py
aiosignal==1.3.1
    # via aiohttp
annotated-types==0.7.0
    # via pydantic
astunparse==1.6.3
    # via import-expression
attrs==24.2.0
    # via aiohttp
beautifulsoup4==4.12.3
    # via markdownify
black==24.8.0
braceexpand==0.1.7
    # via jishaku
cffi==1.17.1
    # via pygit2
click==8.1.7
    # via black
    # via jishaku
colorama==0.4.6
    # via click
    # via tqdm
discord==2.3.2
discord-py==2.4.0
    # via discord
flake8==7.0.0
    # via pyproject-flake8
frozenlist==1.4.1
    # via aiohttp
    # via aiosignal
idna==3.10
    # via yarl
import-expression==1.1.5
    # via jishaku
isort==5.13.2
jishaku==2.5.2
lorem==0.1.1
markdownify==0.13.1
mccabe==0.7.0
    # via flake8
multidict==6.1.0
    # via aiohttp
    # via yarl
multipledispatch==1.0.0
    # via pyrr
mypy-extensions==1.0.0
    # via black
nbtlib==2.0.4
numpy==2.1.1
    # via nbtlib
    # via pyrr
packaging==24.1
    # via black
pathspec==0.12.1
    # via black
pillow==10.4.0
platformdirs==4.3.6
    # via black
pycodestyle==2.11.1
    # via flake8
pycparser==2.22
    # via cffi
pydantic==2.9.2
pydantic-core==2.23.4
    # via pydantic
pyflakes==3.2.0
    # via flake8
pygit2==1.15.1
pyproject-flake8==7.0.0
pyrr==0.10.3
pyyaml==6.0.2
readchar==4.2.0
six==1.16.0
    # via astunparse
    # via markdownify
soupsieve==2.6
    # via beautifulsoup4
tqdm==4.66.5
typing-extensions==4.12.2
    # via pydantic
    # via pydantic-core
wheel==0.44.0
    # via astunparse
yarl==1.13.1
    # via aiohttp
